
Microsoft Visual Studio Solution File, Format Version 12.00
# Visual Studio Version 16
VisualStudioVersion = 16.0.30128.74
MinimumVisualStudioVersion = 10.0.40219.1
Project("{FAE04EC0-301F-11D3-BF4B-00C04F79EFBC}") = "FarmsApp.Android", "FarmsApp\FarmsApp.Android\FarmsApp.Android.csproj", "{10BE8EBB-7116-4DA3-AD2A-F26E4FD2A52B}"
EndProject
Project("{FAE04EC0-301F-11D3-BF4B-00C04F79EFBC}") = "FarmsApp", "FarmsApp\FarmsApp\FarmsApp.csproj", "{DE20340C-4469-4053-8110-247DD4521AEC}"
EndProject
Global
	GlobalSection(SolutionConfigurationPlatforms) = preSolution
		Debug|Any CPU = Debug|Any CPU
		Release|Any CPU = Release|Any CPU
	EndGlobalSection
	GlobalSection(ProjectConfigurationPlatforms) = postSolution
		{10BE8EBB-7116-4DA3-AD2A-F26E4FD2A52B}.Debug|Any CPU.ActiveCfg = Debug|Any CPU
		{10BE8EBB-7116-4DA3-AD2A-F26E4FD2A52B}.Debug|Any CPU.Build.0 = Debug|Any CPU
		{10BE8EBB-7116-4DA3-AD2A-F26E4FD2A52B}.Debug|Any CPU.Deploy.0 = Debug|Any CPU
		{10BE8EBB-7116-4DA3-AD2A-F26E4FD2A52B}.Release|Any CPU.ActiveCfg = Release|Any CPU
		{10BE8EBB-7116-4DA3-AD2A-F26E4FD2A52B}.Release|Any CPU.Build.0 = Release|Any CPU
		{10BE8EBB-7116-4DA3-AD2A-F26E4FD2A52B}.Release|Any CPU.Deploy.0 = Release|Any CPU
		{DE20340C-4469-4053-8110-247DD4521AEC}.Debug|Any CPU.ActiveCfg = Debug|Any CPU
		{DE20340C-4469-4053-8110-247DD4521AEC}.Debug|Any CPU.Build.0 = Debug|Any CPU
		{DE20340C-4469-4053-8110-247DD4521AEC}.Debug|Any CPU.Deploy.0 = Debug|Any CPU
		{DE20340C-4469-4053-8110-247DD4521AEC}.Release|Any CPU.ActiveCfg = Release|Any CPU
		{DE20340C-4469-4053-8110-247DD4521AEC}.Release|Any CPU.Build.0 = Release|Any CPU
		{DE20340C-4469-4053-8110-247DD4521AEC}.Release|Any CPU.Deploy.0 = Release|Any CPU
	EndGlobalSection
	GlobalSection(SolutionProperties) = preSolution
		HideSolutionNode = FALSE
	EndGlobalSection
	GlobalSection(ExtensibilityGlobals) = postSolution
		SolutionGuid = {7C091FD2-C686-4CCB-A3A0-AD1693C31D6A}
	EndGlobalSection
EndGlobal
